
Microsoft Visual Studio Solution File, Format Version 12.00
# Visual Studio Version 17
VisualStudioVersion = 17.10.34928.147
MinimumVisualStudioVersion = 10.0.40219.1
Project("{FAE04EC0-301F-11D3-BF4B-00C04F79EFBC}") = "OnlineCarRentalApp.Domain", "OnlineCarRentalApp.Domain\OnlineCarRentalApp.Domain.csproj", "{D795032B-3ECE-4010-98B4-7ADAC1129F68}"
EndProject
Global
	GlobalSection(SolutionConfigurationPlatforms) = preSolution
		Debug|Any CPU = Debug|Any CPU
		Release|Any CPU = Release|Any CPU
	EndGlobalSection
	GlobalSection(ProjectConfigurationPlatforms) = postSolution
		{D795032B-3ECE-4010-98B4-7ADAC1129F68}.Debug|Any CPU.ActiveCfg = Debug|Any CPU
		{D795032B-3ECE-4010-98B4-7ADAC1129F68}.Debug|Any CPU.Build.0 = Debug|Any CPU
		{D795032B-3ECE-4010-98B4-7ADAC1129F68}.Release|Any CPU.ActiveCfg = Release|Any CPU
		{D795032B-3ECE-4010-98B4-7ADAC1129F68}.Release|Any CPU.Build.0 = Release|Any CPU
	EndGlobalSection
	GlobalSection(SolutionProperties) = preSolution
		HideSolutionNode = FALSE
	EndGlobalSection
	GlobalSection(ExtensibilityGlobals) = postSolution
		SolutionGuid = {6D36041E-E473-414C-9764-7FE81A410D31}
	EndGlobalSection
EndGlobal
